
Microsoft Visual Studio Solution File, Format Version 12.00
# Visual Studio 15
VisualStudioVersion = 15.0.27130.2010
MinimumVisualStudioVersion = 10.0.40219.1
Project("{E24C65DC-7377-472B-9ABA-BC803B73C61A}") = "LifeIsStrange", "LifeIsStrange\", "{CA4ABD91-1150-4DC2-85B9-823A15A76B7E}"
	ProjectSection(WebsiteProperties) = preProject
		TargetFrameworkMoniker = ".NETFramework,Version%3Dv4.6.1"
		Debug.AspNetCompiler.VirtualPath = "/localhost_49368"
		Debug.AspNetCompiler.PhysicalPath = "LifeIsStrange\"
		Debug.AspNetCompiler.TargetPath = "PrecompiledWeb\localhost_49368\"
		Debug.AspNetCompiler.Updateable = "true"
		Debug.AspNetCompiler.ForceOverwrite = "true"
		Debug.AspNetCompiler.FixedNames = "false"
		Debug.AspNetCompiler.Debug = "True"
		Release.AspNetCompiler.VirtualPath = "/localhost_49368"
		Release.AspNetCompiler.PhysicalPath = "LifeIsStrange\"
		Release.AspNetCompiler.TargetPath = "PrecompiledWeb\localhost_49368\"
		Release.AspNetCompiler.Updateable = "true"
		Release.AspNetCompiler.ForceOverwrite = "true"
		Release.AspNetCompiler.FixedNames = "false"
		Release.AspNetCompiler.Debug = "False"
		VWDPort = "49368"
		SlnRelativePath = "LifeIsStrange\"
		DefaultWebSiteLanguage = "Visual C#"
	EndProjectSection
EndProject
Global
	GlobalSection(SolutionConfigurationPlatforms) = preSolution
		Debug|Any CPU = Debug|Any CPU
	EndGlobalSection
	GlobalSection(ProjectConfigurationPlatforms) = postSolution
		{CA4ABD91-1150-4DC2-85B9-823A15A76B7E}.Debug|Any CPU.ActiveCfg = Debug|Any CPU
		{CA4ABD91-1150-4DC2-85B9-823A15A76B7E}.Debug|Any CPU.Build.0 = Debug|Any CPU
	EndGlobalSection
	GlobalSection(SolutionProperties) = preSolution
		HideSolutionNode = FALSE
	EndGlobalSection
	GlobalSection(ExtensibilityGlobals) = postSolution
		SolutionGuid = {4B43F035-71EC-438B-81BD-9430E9F3B069}
	EndGlobalSection
EndGlobal
